{
  "object": {
    "pins": [
      {
        "package": "ColorizeSwift",
        "repositoryURL": "https://github.com/mtynior/ColorizeSwift.git",
        "state": {
          "branch": null,
          "revision": "7492d039d594daccc39cacea343eed6cc9d1ed5a",
          "version": null
        }
      },
      {
        "package": "llbuild",
        "repositoryURL": "https://github.com/apple/swift-llbuild.git",
        "state": {
          "branch": "master",
          "revision": "fb7ab0ddbd6020dd212a1dd931d46a9c94ea2d9c",
          "version": null
        }
      },
      {
        "package": "SwiftPM",
        "repositoryURL": "https://github.com/apple/swift-package-manager",
        "state": {
          "branch": "swift-5.0-RELEASE",
          "revision": "3a57975e10be0b1a8b87992ddf3a49701036f96c",
          "version": null
        }
      }
    ]
  },
  "version": 1
}
