{
  "object": {
    "pins": [
      {
        "package": "ColorizeSwift",
        "repositoryURL": "https://github.com/mtynior/ColorizeSwift.git",
        "state": {
          "branch": null,
          "revision": "16cb4545a54311ca29d314fa3b907296285cfde9",
          "version": "1.2.0"
        }
      },
      {
        "package": "llbuild",
        "repositoryURL": "https://github.com/apple/swift-llbuild.git",
        "state": {
          "branch": "master",
          "revision": "c7aa6e5ea11b39362159b4edc98bfd5dd6d57cf3",
          "version": null
        }
      },
      {
        "package": "SwiftPM",
        "repositoryURL": "https://github.com/apple/swift-package-manager.git",
        "state": {
          "branch": null,
          "revision": "a107d28d1b40491cf505799a046fee53e7c422e1",
          "version": null
        }
      }
    ]
  },
  "version": 1
}
